
Microsoft Visual Studio Solution File, Format Version 12.00
# Visual Studio Version 17
VisualStudioVersion = 17.4.33403.182
MinimumVisualStudioVersion = 10.0.40219.1
Project("{FAE04EC0-301F-11D3-BF4B-00C04F79EFBC}") = "2011110597NGOHOAIPHATTANBigshool", "2011110597_NGOHOAIPHATTAN\2011110597NGOHOAIPHATTANBigshool.csproj", "{C2DC2DF2-79BC-4C24-B427-DB6823D4C403}"
EndProject
Global
	GlobalSection(SolutionConfigurationPlatforms) = preSolution
		Debug|Any CPU = Debug|Any CPU
		Release|Any CPU = Release|Any CPU
	EndGlobalSection
	GlobalSection(ProjectConfigurationPlatforms) = postSolution
		{C2DC2DF2-79BC-4C24-B427-DB6823D4C403}.Debug|Any CPU.ActiveCfg = Debug|Any CPU
		{C2DC2DF2-79BC-4C24-B427-DB6823D4C403}.Debug|Any CPU.Build.0 = Debug|Any CPU
		{C2DC2DF2-79BC-4C24-B427-DB6823D4C403}.Release|Any CPU.ActiveCfg = Release|Any CPU
		{C2DC2DF2-79BC-4C24-B427-DB6823D4C403}.Release|Any CPU.Build.0 = Release|Any CPU
	EndGlobalSection
	GlobalSection(SolutionProperties) = preSolution
		HideSolutionNode = FALSE
	EndGlobalSection
	GlobalSection(ExtensibilityGlobals) = postSolution
		SolutionGuid = {C4D72C27-AD8C-4D1D-9B9D-EF0BC8F52DBF}
	EndGlobalSection
EndGlobal
